// !$*UTF8*$!
{
	archiveVersion = 1;
	classes = {
	};
	objectVersion = 46;
	objects = {

/* Begin PBXBuildFile section */
		3401B4A2176CD83B00DAD80D /* BedbathbeyondParser.m in Sources */ = {isa = PBXBuildFile; fileRef = 3401B4A1176CD83B00DAD80D /* BedbathbeyondParser.m */; };
		3401B4A5176CDB0500DAD80D /* bedbathbeyond_logo.png in Resources */ = {isa = PBXBuildFile; fileRef = 3401B4A3176CDB0500DAD80D /* bedbathbeyond_logo.png */; };
		3401B4A6176CDB0500DAD80D /* bedbathbeyond_logo@2x.png in Resources */ = {isa = PBXBuildFile; fileRef = 3401B4A4176CDB0500DAD80D /* bedbathbeyond_logo@2x.png */; };
		3401B4A9176CE34000DAD80D /* LululemonParser.m in Sources */ = {isa = PBXBuildFile; fileRef = 3401B4A8176CE34000DAD80D /* LululemonParser.m */; };
		3401B4AC176CEA6000DAD80D /* lululemon_logo.png in Resources */ = {isa = PBXBuildFile; fileRef = 3401B4AA176CEA6000DAD80D /* lululemon_logo.png */; };
		3401B4B0176CEE0100DAD80D /* DupontregistryParser.m in Sources */ = {isa = PBXBuildFile; fileRef = 3401B4AF176CEE0000DAD80D /* DupontregistryParser.m */; };
		3401B4B3176CEFFD00DAD80D /* dupontregistry_logo.png in Resources */ = {isa = PBXBuildFile; fileRef = 3401B4B1176CEFFD00DAD80D /* dupontregistry_logo.png */; };
		3401B4B4176CEFFD00DAD80D /* dupontregistry_logo@2x.png in Resources */ = {isa = PBXBuildFile; fileRef = 3401B4B2176CEFFD00DAD80D /* dupontregistry_logo@2x.png */; };
		34449EE5176FC2F9000873DC /* SearsParser.m in Sources */ = {isa = PBXBuildFile; fileRef = 34449EE4176FC2F9000873DC /* SearsParser.m */; };
		34449EF0176FC5DA000873DC /* sears_logo.png in Resources */ = {isa = PBXBuildFile; fileRef = 34449EEE176FC5DA000873DC /* sears_logo.png */; };
		34449EF1176FC5DA000873DC /* sears_logo@2x.png in Resources */ = {isa = PBXBuildFile; fileRef = 34449EEF176FC5DA000873DC /* sears_logo@2x.png */; };
		3447CEBA176B774700BF0490 /* Identifier.m in Sources */ = {isa = PBXBuildFile; fileRef = 3447CEB9176B774700BF0490 /* Identifier.m */; };
		3447CEC0176B774800BF0490 /* Price.m in Sources */ = {isa = PBXBuildFile; fileRef = 3447CEBF176B774800BF0490 /* Price.m */; };
		3447CEC3176B774900BF0490 /* Product.m in Sources */ = {isa = PBXBuildFile; fileRef = 3447CEC2176B774800BF0490 /* Product.m */; };
		3447CEC6176B774900BF0490 /* Image.m in Sources */ = {isa = PBXBuildFile; fileRef = 3447CEC5176B774900BF0490 /* Image.m */; };
		346DE78D176B794200090C0E /* Identifier+SLExtensions.m in Sources */ = {isa = PBXBuildFile; fileRef = 346DE78C176B794200090C0E /* Identifier+SLExtensions.m */; };
		346DE796176B7F8800090C0E /* HomedepotParser.m in Sources */ = {isa = PBXBuildFile; fileRef = 346DE795176B7F8800090C0E /* HomedepotParser.m */; };
		346DE799176B822300090C0E /* homedepot_logo.png in Resources */ = {isa = PBXBuildFile; fileRef = 346DE797176B822300090C0E /* homedepot_logo.png */; };
		346DE79A176B822300090C0E /* homedepot_log@2x.png in Resources */ = {isa = PBXBuildFile; fileRef = 346DE798176B822300090C0E /* homedepot_log@2x.png */; };
		346DE79D176B8DEA00090C0E /* BestbuyParser.m in Sources */ = {isa = PBXBuildFile; fileRef = 346DE79C176B8DEA00090C0E /* BestbuyParser.m */; };
		346DE7A4176B97C500090C0E /* MacysParser.m in Sources */ = {isa = PBXBuildFile; fileRef = 346DE7A3176B97C500090C0E /* MacysParser.m */; };
		346DE7A7176BA21600090C0E /* bestbuy_logo.png in Resources */ = {isa = PBXBuildFile; fileRef = 346DE7A5176BA21600090C0E /* bestbuy_logo.png */; };
		346DE7A8176BA21600090C0E /* bestbuy_logo@2x.png in Resources */ = {isa = PBXBuildFile; fileRef = 346DE7A6176BA21600090C0E /* bestbuy_logo@2x.png */; };
		34BE7CB9176F58490005FB14 /* BuybuybabyParser.m in Sources */ = {isa = PBXBuildFile; fileRef = 34BE7CB8176F58490005FB14 /* BuybuybabyParser.m */; };
		34BE7CBC176F5BCA0005FB14 /* buybuybaby_logo.png in Resources */ = {isa = PBXBuildFile; fileRef = 34BE7CBA176F5BCA0005FB14 /* buybuybaby_logo.png */; };
		34BE7CBD176F5BCA0005FB14 /* buybuybaby_logo@2x.png in Resources */ = {isa = PBXBuildFile; fileRef = 34BE7CBB176F5BCA0005FB14 /* buybuybaby_logo@2x.png */; };
		34BE7CC0176F77330005FB14 /* NordstromParser.m in Sources */ = {isa = PBXBuildFile; fileRef = 34BE7CBF176F77330005FB14 /* NordstromParser.m */; };
		34BE7CC3176F7B950005FB14 /* nordstrom_logo.png in Resources */ = {isa = PBXBuildFile; fileRef = 34BE7CC1176F7B950005FB14 /* nordstrom_logo.png */; };
		34BE7CC4176F7B950005FB14 /* nordstrom_logo@2x.png in Resources */ = {isa = PBXBuildFile; fileRef = 34BE7CC2176F7B950005FB14 /* nordstrom_logo@2x.png */; };
		34C4E09E176BB7FF00D1EFD5 /* NSString+SLExtensions.m in Sources */ = {isa = PBXBuildFile; fileRef = 34C4E09D176BB7FF00D1EFD5 /* NSString+SLExtensions.m */; };
		9C195DB51767510500183192 /* ProductTableViewCell.m in Sources */ = {isa = PBXBuildFile; fileRef = 9C195DB41767510500183192 /* ProductTableViewCell.m */; };
		9C195DB81767588B00183192 /* Price+SLExtensions.m in Sources */ = {isa = PBXBuildFile; fileRef = 9C195DB71767588B00183192 /* Price+SLExtensions.m */; };
		9C195DC417679B4E00183192 /* QuartzCore.framework in Frameworks */ = {isa = PBXBuildFile; fileRef = 9C195DC317679B4D00183192 /* QuartzCore.framework */; };
		9C195DD71767AE2500183192 /* Product+SLExtensions.m in Sources */ = {isa = PBXBuildFile; fileRef = 9C195DD61767AE2500183192 /* Product+SLExtensions.m */; };
		9C226414176BCCC600C3FDD9 /* ECSlidingViewController.m in Sources */ = {isa = PBXBuildFile; fileRef = 9C226411176BCCC600C3FDD9 /* ECSlidingViewController.m */; };
		9C226415176BCCC600C3FDD9 /* UIImage+ImageWithUIView.m in Sources */ = {isa = PBXBuildFile; fileRef = 9C226413176BCCC600C3FDD9 /* UIImage+ImageWithUIView.m */; };
		9C22641E176BD12600C3FDD9 /* MainViewController.m in Sources */ = {isa = PBXBuildFile; fileRef = 9C22641D176BD12600C3FDD9 /* MainViewController.m */; };
		9C226421176BD2AF00C3FDD9 /* MenuViewController.m in Sources */ = {isa = PBXBuildFile; fileRef = 9C226420176BD2AE00C3FDD9 /* MenuViewController.m */; };
		9C226424176BD37B00C3FDD9 /* reveal-icon.png in Resources */ = {isa = PBXBuildFile; fileRef = 9C226422176BD37B00C3FDD9 /* reveal-icon.png */; };
		9C226425176BD37B00C3FDD9 /* reveal-icon@2x.png in Resources */ = {isa = PBXBuildFile; fileRef = 9C226423176BD37B00C3FDD9 /* reveal-icon@2x.png */; };
		9C226428176C83F100C3FDD9 /* Provider.m in Sources */ = {isa = PBXBuildFile; fileRef = 9C226427176C83F100C3FDD9 /* Provider.m */; };
		9C22642A176CF0A300C3FDD9 /* macys_logo.png in Resources */ = {isa = PBXBuildFile; fileRef = 9C226429176CF0A300C3FDD9 /* macys_logo.png */; };
		9C22642C176CF0F600C3FDD9 /* macys_logo@2x.png in Resources */ = {isa = PBXBuildFile; fileRef = 9C22642B176CF0F600C3FDD9 /* macys_logo@2x.png */; };
		9C927B751762780100570F45 /* UIKit.framework in Frameworks */ = {isa = PBXBuildFile; fileRef = 9C927B741762780100570F45 /* UIKit.framework */; };
		9C927B771762780100570F45 /* Foundation.framework in Frameworks */ = {isa = PBXBuildFile; fileRef = 9C927B761762780100570F45 /* Foundation.framework */; };
		9C927B791762780100570F45 /* CoreGraphics.framework in Frameworks */ = {isa = PBXBuildFile; fileRef = 9C927B781762780100570F45 /* CoreGraphics.framework */; };
		9C927B7F1762780100570F45 /* InfoPlist.strings in Resources */ = {isa = PBXBuildFile; fileRef = 9C927B7D1762780100570F45 /* InfoPlist.strings */; };
		9C927B811762780100570F45 /* main.m in Sources */ = {isa = PBXBuildFile; fileRef = 9C927B801762780100570F45 /* main.m */; };
		9C927B851762780100570F45 /* AppDelegate.m in Sources */ = {isa = PBXBuildFile; fileRef = 9C927B841762780100570F45 /* AppDelegate.m */; };
		9C927B8E1762780100570F45 /* MainStoryboard.storyboard in Resources */ = {isa = PBXBuildFile; fileRef = 9C927B8C1762780100570F45 /* MainStoryboard.storyboard */; };
		9C927B99176278B800570F45 /* CoreDataManager.m in Sources */ = {isa = PBXBuildFile; fileRef = 9C927B98176278B800570F45 /* CoreDataManager.m */; };
		9C927B9D17627A6200570F45 /* CoreData.framework in Frameworks */ = {isa = PBXBuildFile; fileRef = 9C927B9C17627A6200570F45 /* CoreData.framework */; };
		9C927BA017627A9A00570F45 /* ShopLater.xcdatamodeld in Sources */ = {isa = PBXBuildFile; fileRef = 9C927B9E17627A9A00570F45 /* ShopLater.xcdatamodeld */; };
		9C9519DA176F990E00F70377 /* delete_btn.png in Resources */ = {isa = PBXBuildFile; fileRef = 9C9519D8176F990E00F70377 /* delete_btn.png */; };
		9C9519DD176F9A1300F70377 /* ShoppingListViewController.m in Sources */ = {isa = PBXBuildFile; fileRef = 9C9519DC176F9A1300F70377 /* ShoppingListViewController.m */; };
		9C9519E0176F9AE800F70377 /* ProductCollectionViewCell.m in Sources */ = {isa = PBXBuildFile; fileRef = 9C9519DF176F9AE800F70377 /* ProductCollectionViewCell.m */; };
		9C9519E4176FB0F400F70377 /* Default.png in Resources */ = {isa = PBXBuildFile; fileRef = 9C9519E3176FB0F400F70377 /* Default.png */; };
		9C9519EB1770775D00F70377 /* price_match@2x.png in Resources */ = {isa = PBXBuildFile; fileRef = 9C9519E91770775D00F70377 /* price_match@2x.png */; };
		9C9519EC1770775D00F70377 /* price_match.png in Resources */ = {isa = PBXBuildFile; fileRef = 9C9519EA1770775D00F70377 /* price_match.png */; };
		9C9519F0177078C900F70377 /* delete_btn@2x.png in Resources */ = {isa = PBXBuildFile; fileRef = 9C9519EF177078C900F70377 /* delete_btn@2x.png */; };
		9C9519F21770791900F70377 /* nav_bar@2x.png in Resources */ = {isa = PBXBuildFile; fileRef = 9C9519F11770791800F70377 /* nav_bar@2x.png */; };
		9C9519F41770793300F70377 /* nav_bar.png in Resources */ = {isa = PBXBuildFile; fileRef = 9C9519F31770793300F70377 /* nav_bar.png */; };
		9C9519F617707A2400F70377 /* menu_btn.png in Resources */ = {isa = PBXBuildFile; fileRef = 9C9519F517707A2400F70377 /* menu_btn.png */; };
		9C9519F817707A3000F70377 /* menu_btn@2x.png in Resources */ = {isa = PBXBuildFile; fileRef = 9C9519F717707A3000F70377 /* menu_btn@2x.png */; };
		9C9519FB1770876400F70377 /* ButtonFactory.m in Sources */ = {isa = PBXBuildFile; fileRef = 9C9519FA1770876400F70377 /* ButtonFactory.m */; };
		9C9519FD1770898A00F70377 /* back_btn@2x.png in Resources */ = {isa = PBXBuildFile; fileRef = 9C9519FC1770898A00F70377 /* back_btn@2x.png */; };
		9C9519FF1770899800F70377 /* back_btn.png in Resources */ = {isa = PBXBuildFile; fileRef = 9C9519FE1770899800F70377 /* back_btn.png */; };
		9C951A0117708C7500F70377 /* buy_later_btn.png in Resources */ = {isa = PBXBuildFile; fileRef = 9C951A0017708C7500F70377 /* buy_later_btn.png */; };
		9C951A0317708C8200F70377 /* buy_later_btn@2x.png in Resources */ = {isa = PBXBuildFile; fileRef = 9C951A0217708C8100F70377 /* buy_later_btn@2x.png */; };
		9C951A0517708E3E00F70377 /* save_btn@2x.png in Resources */ = {isa = PBXBuildFile; fileRef = 9C951A0417708E3E00F70377 /* save_btn@2x.png */; };
		9C951A0717708E4B00F70377 /* save_btn.png in Resources */ = {isa = PBXBuildFile; fileRef = 9C951A0617708E4B00F70377 /* save_btn.png */; };
		9C951A091770903D00F70377 /* logo.png in Resources */ = {isa = PBXBuildFile; fileRef = 9C951A081770903C00F70377 /* logo.png */; };
		9C951A0B1770904D00F70377 /* logo@2x.png in Resources */ = {isa = PBXBuildFile; fileRef = 9C951A0A1770904C00F70377 /* logo@2x.png */; };
		9C951A0D1770983500F70377 /* Default-568h@2x.png in Resources */ = {isa = PBXBuildFile; fileRef = 9C951A0C1770983500F70377 /* Default-568h@2x.png */; };
		9C951A1117709A3A00F70377 /* Default@2x.png in Resources */ = {isa = PBXBuildFile; fileRef = 9C951A1017709A3900F70377 /* Default@2x.png */; };
		9C951A1717709B7F00F70377 /* Icon.png in Resources */ = {isa = PBXBuildFile; fileRef = 9C951A1617709B7F00F70377 /* Icon.png */; };
		9C951A1917709B8400F70377 /* Icon@2x.png in Resources */ = {isa = PBXBuildFile; fileRef = 9C951A1817709B8200F70377 /* Icon@2x.png */; };
		9C951A1B1770B19B00F70377 /* welcome@2x.png in Resources */ = {isa = PBXBuildFile; fileRef = 9C951A1A1770B19B00F70377 /* welcome@2x.png */; };
		9C951A1D1770B1CD00F70377 /* welcome.png in Resources */ = {isa = PBXBuildFile; fileRef = 9C951A1C1770B1CD00F70377 /* welcome.png */; };
		9C951A1F1770C2C400F70377 /* list_icon@2x.png in Resources */ = {isa = PBXBuildFile; fileRef = 9C951A1E1770C2C400F70377 /* list_icon@2x.png */; };
		9C951A211770C2D800F70377 /* list_icon.png in Resources */ = {isa = PBXBuildFile; fileRef = 9C951A201770C2D800F70377 /* list_icon.png */; };
		9CA5D7451762AB5C0009098E /* toysrus_logo.png in Resources */ = {isa = PBXBuildFile; fileRef = 9CA5D7441762AB5C0009098E /* toysrus_logo.png */; };
		9CA5D7471762AB970009098E /* toysrus_logo@2x.png in Resources */ = {isa = PBXBuildFile; fileRef = 9CA5D7461762AB970009098E /* toysrus_logo@2x.png */; };
		9CA5D7561763BFFF0009098E /* WebViewController.m in Sources */ = {isa = PBXBuildFile; fileRef = 9CA5D7551763BFFF0009098E /* WebViewController.m */; };
		9CA5D76C1763E34D0009098E /* NewProductViewController.m in Sources */ = {isa = PBXBuildFile; fileRef = 9CA5D76B1763E34C0009098E /* NewProductViewController.m */; };
		9CA5D77A1764C9D80009098E /* Image+SLExtensions.m in Sources */ = {isa = PBXBuildFile; fileRef = 9CA5D7791764C9D80009098E /* Image+SLExtensions.m */; };
		9CA5D77E1764CEA80009098E /* ToysrusParser.m in Sources */ = {isa = PBXBuildFile; fileRef = 9CA5D77D1764CEA80009098E /* ToysrusParser.m */; };
		9CB940621766449000DC05D2 /* Provider+SLExtensions.m in Sources */ = {isa = PBXBuildFile; fileRef = 9CB940611766449000DC05D2 /* Provider+SLExtensions.m */; };
		9CB9406517665AC300DC05D2 /* Parser.m in Sources */ = {isa = PBXBuildFile; fileRef = 9CB9406417665AC300DC05D2 /* Parser.m */; };
/* End PBXBuildFile section */

/* Begin PBXFileReference section */
		3401B4A0176CD83B00DAD80D /* BedbathbeyondParser.h */ = {isa = PBXFileReference; fileEncoding = 4; lastKnownFileType = sourcecode.c.h; path = BedbathbeyondParser.h; sourceTree = "<group>"; };
		3401B4A1176CD83B00DAD80D /* BedbathbeyondParser.m */ = {isa = PBXFileReference; fileEncoding = 4; lastKnownFileType = sourcecode.c.objc; path = BedbathbeyondParser.m; sourceTree = "<group>"; };
		3401B4A3176CDB0500DAD80D /* bedbathbeyond_logo.png */ = {isa = PBXFileReference; lastKnownFileType = image.png; path = bedbathbeyond_logo.png; sourceTree = "<group>"; };
		3401B4A4176CDB0500DAD80D /* bedbathbeyond_logo@2x.png */ = {isa = PBXFileReference; lastKnownFileType = image.png; path = "bedbathbeyond_logo@2x.png"; sourceTree = "<group>"; };
		3401B4A7176CE34000DAD80D /* LululemonParser.h */ = {isa = PBXFileReference; fileEncoding = 4; lastKnownFileType = sourcecode.c.h; path = LululemonParser.h; sourceTree = "<group>"; };
		3401B4A8176CE34000DAD80D /* LululemonParser.m */ = {isa = PBXFileReference; fileEncoding = 4; lastKnownFileType = sourcecode.c.objc; path = LululemonParser.m; sourceTree = "<group>"; };
		3401B4AA176CEA6000DAD80D /* lululemon_logo.png */ = {isa = PBXFileReference; lastKnownFileType = image.png; path = lululemon_logo.png; sourceTree = "<group>"; };
		3401B4AE176CEE0000DAD80D /* DupontregistryParser.h */ = {isa = PBXFileReference; fileEncoding = 4; lastKnownFileType = sourcecode.c.h; path = DupontregistryParser.h; sourceTree = "<group>"; };
		3401B4AF176CEE0000DAD80D /* DupontregistryParser.m */ = {isa = PBXFileReference; fileEncoding = 4; lastKnownFileType = sourcecode.c.objc; path = DupontregistryParser.m; sourceTree = "<group>"; };
		3401B4B1176CEFFD00DAD80D /* dupontregistry_logo.png */ = {isa = PBXFileReference; lastKnownFileType = image.png; path = dupontregistry_logo.png; sourceTree = "<group>"; };
		3401B4B2176CEFFD00DAD80D /* dupontregistry_logo@2x.png */ = {isa = PBXFileReference; lastKnownFileType = image.png; path = "dupontregistry_logo@2x.png"; sourceTree = "<group>"; };
		34449EE3176FC2F9000873DC /* SearsParser.h */ = {isa = PBXFileReference; fileEncoding = 4; lastKnownFileType = sourcecode.c.h; path = SearsParser.h; sourceTree = "<group>"; };
		34449EE4176FC2F9000873DC /* SearsParser.m */ = {isa = PBXFileReference; fileEncoding = 4; lastKnownFileType = sourcecode.c.objc; path = SearsParser.m; sourceTree = "<group>"; };
		34449EEE176FC5DA000873DC /* sears_logo.png */ = {isa = PBXFileReference; lastKnownFileType = image.png; path = sears_logo.png; sourceTree = "<group>"; };
		34449EEF176FC5DA000873DC /* sears_logo@2x.png */ = {isa = PBXFileReference; lastKnownFileType = image.png; path = "sears_logo@2x.png"; sourceTree = "<group>"; };
		3447CEB8176B774700BF0490 /* Identifier.h */ = {isa = PBXFileReference; fileEncoding = 4; lastKnownFileType = sourcecode.c.h; path = Identifier.h; sourceTree = "<group>"; };
		3447CEB9176B774700BF0490 /* Identifier.m */ = {isa = PBXFileReference; fileEncoding = 4; lastKnownFileType = sourcecode.c.objc; path = Identifier.m; sourceTree = "<group>"; };
		3447CEBE176B774800BF0490 /* Price.h */ = {isa = PBXFileReference; fileEncoding = 4; lastKnownFileType = sourcecode.c.h; path = Price.h; sourceTree = "<group>"; };
		3447CEBF176B774800BF0490 /* Price.m */ = {isa = PBXFileReference; fileEncoding = 4; lastKnownFileType = sourcecode.c.objc; path = Price.m; sourceTree = "<group>"; };
		3447CEC1176B774800BF0490 /* Product.h */ = {isa = PBXFileReference; fileEncoding = 4; lastKnownFileType = sourcecode.c.h; path = Product.h; sourceTree = "<group>"; };
		3447CEC2176B774800BF0490 /* Product.m */ = {isa = PBXFileReference; fileEncoding = 4; lastKnownFileType = sourcecode.c.objc; path = Product.m; sourceTree = "<group>"; };
		3447CEC4176B774900BF0490 /* Image.h */ = {isa = PBXFileReference; fileEncoding = 4; lastKnownFileType = sourcecode.c.h; path = Image.h; sourceTree = "<group>"; };
		3447CEC5176B774900BF0490 /* Image.m */ = {isa = PBXFileReference; fileEncoding = 4; lastKnownFileType = sourcecode.c.objc; path = Image.m; sourceTree = "<group>"; };
		346DE78B176B794200090C0E /* Identifier+SLExtensions.h */ = {isa = PBXFileReference; fileEncoding = 4; lastKnownFileType = sourcecode.c.h; path = "Identifier+SLExtensions.h"; sourceTree = "<group>"; };
		346DE78C176B794200090C0E /* Identifier+SLExtensions.m */ = {isa = PBXFileReference; fileEncoding = 4; lastKnownFileType = sourcecode.c.objc; path = "Identifier+SLExtensions.m"; sourceTree = "<group>"; };
		346DE794176B7F8800090C0E /* HomedepotParser.h */ = {isa = PBXFileReference; fileEncoding = 4; lastKnownFileType = sourcecode.c.h; path = HomedepotParser.h; sourceTree = "<group>"; };
		346DE795176B7F8800090C0E /* HomedepotParser.m */ = {isa = PBXFileReference; fileEncoding = 4; lastKnownFileType = sourcecode.c.objc; path = HomedepotParser.m; sourceTree = "<group>"; };
		346DE797176B822300090C0E /* homedepot_logo.png */ = {isa = PBXFileReference; lastKnownFileType = image.png; path = homedepot_logo.png; sourceTree = "<group>"; };
		346DE798176B822300090C0E /* homedepot_log@2x.png */ = {isa = PBXFileReference; lastKnownFileType = image.png; path = "homedepot_log@2x.png"; sourceTree = "<group>"; };
		346DE79B176B8DEA00090C0E /* BestbuyParser.h */ = {isa = PBXFileReference; fileEncoding = 4; lastKnownFileType = sourcecode.c.h; path = BestbuyParser.h; sourceTree = "<group>"; };
		346DE79C176B8DEA00090C0E /* BestbuyParser.m */ = {isa = PBXFileReference; fileEncoding = 4; lastKnownFileType = sourcecode.c.objc; path = BestbuyParser.m; sourceTree = "<group>"; };
		346DE7A2176B97C500090C0E /* MacysParser.h */ = {isa = PBXFileReference; fileEncoding = 4; lastKnownFileType = sourcecode.c.h; path = MacysParser.h; sourceTree = "<group>"; };
		346DE7A3176B97C500090C0E /* MacysParser.m */ = {isa = PBXFileReference; fileEncoding = 4; lastKnownFileType = sourcecode.c.objc; path = MacysParser.m; sourceTree = "<group>"; };
		346DE7A5176BA21600090C0E /* bestbuy_logo.png */ = {isa = PBXFileReference; lastKnownFileType = image.png; path = bestbuy_logo.png; sourceTree = "<group>"; };
		346DE7A6176BA21600090C0E /* bestbuy_logo@2x.png */ = {isa = PBXFileReference; lastKnownFileType = image.png; path = "bestbuy_logo@2x.png"; sourceTree = "<group>"; };
		34BE7CB7176F58490005FB14 /* BuybuybabyParser.h */ = {isa = PBXFileReference; fileEncoding = 4; lastKnownFileType = sourcecode.c.h; path = BuybuybabyParser.h; sourceTree = "<group>"; };
		34BE7CB8176F58490005FB14 /* BuybuybabyParser.m */ = {isa = PBXFileReference; fileEncoding = 4; lastKnownFileType = sourcecode.c.objc; path = BuybuybabyParser.m; sourceTree = "<group>"; };
		34BE7CBA176F5BCA0005FB14 /* buybuybaby_logo.png */ = {isa = PBXFileReference; lastKnownFileType = image.png; path = buybuybaby_logo.png; sourceTree = "<group>"; };
		34BE7CBB176F5BCA0005FB14 /* buybuybaby_logo@2x.png */ = {isa = PBXFileReference; lastKnownFileType = image.png; path = "buybuybaby_logo@2x.png"; sourceTree = "<group>"; };
		34BE7CBE176F77330005FB14 /* NordstromParser.h */ = {isa = PBXFileReference; fileEncoding = 4; lastKnownFileType = sourcecode.c.h; path = NordstromParser.h; sourceTree = "<group>"; };
		34BE7CBF176F77330005FB14 /* NordstromParser.m */ = {isa = PBXFileReference; fileEncoding = 4; lastKnownFileType = sourcecode.c.objc; path = NordstromParser.m; sourceTree = "<group>"; };
		34BE7CC1176F7B950005FB14 /* nordstrom_logo.png */ = {isa = PBXFileReference; lastKnownFileType = image.png; path = nordstrom_logo.png; sourceTree = "<group>"; };
		34BE7CC2176F7B950005FB14 /* nordstrom_logo@2x.png */ = {isa = PBXFileReference; lastKnownFileType = image.png; path = "nordstrom_logo@2x.png"; sourceTree = "<group>"; };
		34C4E09C176BB7FF00D1EFD5 /* NSString+SLExtensions.h */ = {isa = PBXFileReference; fileEncoding = 4; lastKnownFileType = sourcecode.c.h; path = "NSString+SLExtensions.h"; sourceTree = "<group>"; };
		34C4E09D176BB7FF00D1EFD5 /* NSString+SLExtensions.m */ = {isa = PBXFileReference; fileEncoding = 4; lastKnownFileType = sourcecode.c.objc; path = "NSString+SLExtensions.m"; sourceTree = "<group>"; };
		9C195DB31767510500183192 /* ProductTableViewCell.h */ = {isa = PBXFileReference; fileEncoding = 4; lastKnownFileType = sourcecode.c.h; path = ProductTableViewCell.h; sourceTree = "<group>"; };
		9C195DB41767510500183192 /* ProductTableViewCell.m */ = {isa = PBXFileReference; fileEncoding = 4; lastKnownFileType = sourcecode.c.objc; path = ProductTableViewCell.m; sourceTree = "<group>"; };
		9C195DB61767588B00183192 /* Price+SLExtensions.h */ = {isa = PBXFileReference; fileEncoding = 4; lastKnownFileType = sourcecode.c.h; path = "Price+SLExtensions.h"; sourceTree = "<group>"; };
		9C195DB71767588B00183192 /* Price+SLExtensions.m */ = {isa = PBXFileReference; fileEncoding = 4; lastKnownFileType = sourcecode.c.objc; path = "Price+SLExtensions.m"; sourceTree = "<group>"; };
		9C195DC317679B4D00183192 /* QuartzCore.framework */ = {isa = PBXFileReference; lastKnownFileType = wrapper.framework; name = QuartzCore.framework; path = System/Library/Frameworks/QuartzCore.framework; sourceTree = SDKROOT; };
		9C195DD51767AE2400183192 /* Product+SLExtensions.h */ = {isa = PBXFileReference; fileEncoding = 4; lastKnownFileType = sourcecode.c.h; path = "Product+SLExtensions.h"; sourceTree = "<group>"; };
		9C195DD61767AE2500183192 /* Product+SLExtensions.m */ = {isa = PBXFileReference; fileEncoding = 4; lastKnownFileType = sourcecode.c.objc; path = "Product+SLExtensions.m"; sourceTree = "<group>"; };
		9C226410176BCCC600C3FDD9 /* ECSlidingViewController.h */ = {isa = PBXFileReference; fileEncoding = 4; lastKnownFileType = sourcecode.c.h; path = ECSlidingViewController.h; sourceTree = "<group>"; };
		9C226411176BCCC600C3FDD9 /* ECSlidingViewController.m */ = {isa = PBXFileReference; fileEncoding = 4; lastKnownFileType = sourcecode.c.objc; path = ECSlidingViewController.m; sourceTree = "<group>"; };
		9C226412176BCCC600C3FDD9 /* UIImage+ImageWithUIView.h */ = {isa = PBXFileReference; fileEncoding = 4; lastKnownFileType = sourcecode.c.h; path = "UIImage+ImageWithUIView.h"; sourceTree = "<group>"; };
		9C226413176BCCC600C3FDD9 /* UIImage+ImageWithUIView.m */ = {isa = PBXFileReference; fileEncoding = 4; lastKnownFileType = sourcecode.c.objc; path = "UIImage+ImageWithUIView.m"; sourceTree = "<group>"; };
		9C22641C176BD12600C3FDD9 /* MainViewController.h */ = {isa = PBXFileReference; fileEncoding = 4; lastKnownFileType = sourcecode.c.h; path = MainViewController.h; sourceTree = "<group>"; };
		9C22641D176BD12600C3FDD9 /* MainViewController.m */ = {isa = PBXFileReference; fileEncoding = 4; lastKnownFileType = sourcecode.c.objc; path = MainViewController.m; sourceTree = "<group>"; };
		9C22641F176BD2AE00C3FDD9 /* MenuViewController.h */ = {isa = PBXFileReference; fileEncoding = 4; lastKnownFileType = sourcecode.c.h; path = MenuViewController.h; sourceTree = "<group>"; };
		9C226420176BD2AE00C3FDD9 /* MenuViewController.m */ = {isa = PBXFileReference; fileEncoding = 4; lastKnownFileType = sourcecode.c.objc; path = MenuViewController.m; sourceTree = "<group>"; };
		9C226422176BD37B00C3FDD9 /* reveal-icon.png */ = {isa = PBXFileReference; lastKnownFileType = image.png; path = "reveal-icon.png"; sourceTree = "<group>"; };
		9C226423176BD37B00C3FDD9 /* reveal-icon@2x.png */ = {isa = PBXFileReference; lastKnownFileType = image.png; path = "reveal-icon@2x.png"; sourceTree = "<group>"; };
		9C226426176C83F100C3FDD9 /* Provider.h */ = {isa = PBXFileReference; fileEncoding = 4; lastKnownFileType = sourcecode.c.h; path = Provider.h; sourceTree = "<group>"; };
		9C226427176C83F100C3FDD9 /* Provider.m */ = {isa = PBXFileReference; fileEncoding = 4; lastKnownFileType = sourcecode.c.objc; path = Provider.m; sourceTree = "<group>"; };
		9C226429176CF0A300C3FDD9 /* macys_logo.png */ = {isa = PBXFileReference; lastKnownFileType = image.png; path = macys_logo.png; sourceTree = "<group>"; };
		9C22642B176CF0F600C3FDD9 /* macys_logo@2x.png */ = {isa = PBXFileReference; lastKnownFileType = image.png; path = "macys_logo@2x.png"; sourceTree = "<group>"; };
		9C226448176F41CE00C3FDD9 /* ProductDelegate.h */ = {isa = PBXFileReference; fileEncoding = 4; lastKnownFileType = sourcecode.c.h; path = ProductDelegate.h; sourceTree = "<group>"; };
		9C927B711762780100570F45 /* ShopLater.app */ = {isa = PBXFileReference; explicitFileType = wrapper.application; includeInIndex = 0; path = ShopLater.app; sourceTree = BUILT_PRODUCTS_DIR; };
		9C927B741762780100570F45 /* UIKit.framework */ = {isa = PBXFileReference; lastKnownFileType = wrapper.framework; name = UIKit.framework; path = System/Library/Frameworks/UIKit.framework; sourceTree = SDKROOT; };
		9C927B761762780100570F45 /* Foundation.framework */ = {isa = PBXFileReference; lastKnownFileType = wrapper.framework; name = Foundation.framework; path = System/Library/Frameworks/Foundation.framework; sourceTree = SDKROOT; };
		9C927B781762780100570F45 /* CoreGraphics.framework */ = {isa = PBXFileReference; lastKnownFileType = wrapper.framework; name = CoreGraphics.framework; path = System/Library/Frameworks/CoreGraphics.framework; sourceTree = SDKROOT; };
		9C927B7C1762780100570F45 /* ShopLater-Info.plist */ = {isa = PBXFileReference; lastKnownFileType = text.plist.xml; path = "ShopLater-Info.plist"; sourceTree = "<group>"; };
		9C927B7E1762780100570F45 /* en */ = {isa = PBXFileReference; lastKnownFileType = text.plist.strings; name = en; path = en.lproj/InfoPlist.strings; sourceTree = "<group>"; };
		9C927B801762780100570F45 /* main.m */ = {isa = PBXFileReference; lastKnownFileType = sourcecode.c.objc; path = main.m; sourceTree = "<group>"; };
		9C927B821762780100570F45 /* ShopLater-Prefix.pch */ = {isa = PBXFileReference; lastKnownFileType = sourcecode.c.h; path = "ShopLater-Prefix.pch"; sourceTree = "<group>"; };
		9C927B831762780100570F45 /* AppDelegate.h */ = {isa = PBXFileReference; lastKnownFileType = sourcecode.c.h; path = AppDelegate.h; sourceTree = "<group>"; };
		9C927B841762780100570F45 /* AppDelegate.m */ = {isa = PBXFileReference; lastKnownFileType = sourcecode.c.objc; path = AppDelegate.m; sourceTree = "<group>"; };
		9C927B8D1762780100570F45 /* en */ = {isa = PBXFileReference; lastKnownFileType = file.storyboard; name = en; path = en.lproj/MainStoryboard.storyboard; sourceTree = "<group>"; };
		9C927B97176278B800570F45 /* CoreDataManager.h */ = {isa = PBXFileReference; fileEncoding = 4; lastKnownFileType = sourcecode.c.h; path = CoreDataManager.h; sourceTree = "<group>"; };
		9C927B98176278B800570F45 /* CoreDataManager.m */ = {isa = PBXFileReference; fileEncoding = 4; lastKnownFileType = sourcecode.c.objc; path = CoreDataManager.m; sourceTree = "<group>"; };
		9C927B9C17627A6200570F45 /* CoreData.framework */ = {isa = PBXFileReference; lastKnownFileType = wrapper.framework; name = CoreData.framework; path = System/Library/Frameworks/CoreData.framework; sourceTree = SDKROOT; };
		9C927B9F17627A9A00570F45 /* ShopLater.xcdatamodel */ = {isa = PBXFileReference; lastKnownFileType = wrapper.xcdatamodel; path = ShopLater.xcdatamodel; sourceTree = "<group>"; };
		9C9519D8176F990E00F70377 /* delete_btn.png */ = {isa = PBXFileReference; lastKnownFileType = image.png; path = delete_btn.png; sourceTree = "<group>"; };
		9C9519DB176F9A1300F70377 /* ShoppingListViewController.h */ = {isa = PBXFileReference; fileEncoding = 4; lastKnownFileType = sourcecode.c.h; path = ShoppingListViewController.h; sourceTree = "<group>"; };
		9C9519DC176F9A1300F70377 /* ShoppingListViewController.m */ = {isa = PBXFileReference; fileEncoding = 4; lastKnownFileType = sourcecode.c.objc; path = ShoppingListViewController.m; sourceTree = "<group>"; };
		9C9519DE176F9AE800F70377 /* ProductCollectionViewCell.h */ = {isa = PBXFileReference; fileEncoding = 4; lastKnownFileType = sourcecode.c.h; path = ProductCollectionViewCell.h; sourceTree = "<group>"; };
		9C9519DF176F9AE800F70377 /* ProductCollectionViewCell.m */ = {isa = PBXFileReference; fileEncoding = 4; lastKnownFileType = sourcecode.c.objc; path = ProductCollectionViewCell.m; sourceTree = "<group>"; };
		9C9519E3176FB0F400F70377 /* Default.png */ = {isa = PBXFileReference; lastKnownFileType = image.png; path = Default.png; sourceTree = "<group>"; };
		9C9519E91770775D00F70377 /* price_match@2x.png */ = {isa = PBXFileReference; lastKnownFileType = image.png; path = "price_match@2x.png"; sourceTree = "<group>"; };
		9C9519EA1770775D00F70377 /* price_match.png */ = {isa = PBXFileReference; lastKnownFileType = image.png; path = price_match.png; sourceTree = "<group>"; };
		9C9519EF177078C900F70377 /* delete_btn@2x.png */ = {isa = PBXFileReference; lastKnownFileType = image.png; path = "delete_btn@2x.png"; sourceTree = "<group>"; };
		9C9519F11770791800F70377 /* nav_bar@2x.png */ = {isa = PBXFileReference; lastKnownFileType = image.png; path = "nav_bar@2x.png"; sourceTree = "<group>"; };
		9C9519F31770793300F70377 /* nav_bar.png */ = {isa = PBXFileReference; lastKnownFileType = image.png; path = nav_bar.png; sourceTree = "<group>"; };
		9C9519F517707A2400F70377 /* menu_btn.png */ = {isa = PBXFileReference; lastKnownFileType = image.png; path = menu_btn.png; sourceTree = "<group>"; };
		9C9519F717707A3000F70377 /* menu_btn@2x.png */ = {isa = PBXFileReference; lastKnownFileType = image.png; path = "menu_btn@2x.png"; sourceTree = "<group>"; };
		9C9519F91770876400F70377 /* ButtonFactory.h */ = {isa = PBXFileReference; fileEncoding = 4; lastKnownFileType = sourcecode.c.h; path = ButtonFactory.h; sourceTree = "<group>"; };
		9C9519FA1770876400F70377 /* ButtonFactory.m */ = {isa = PBXFileReference; fileEncoding = 4; lastKnownFileType = sourcecode.c.objc; path = ButtonFactory.m; sourceTree = "<group>"; };
		9C9519FC1770898A00F70377 /* back_btn@2x.png */ = {isa = PBXFileReference; lastKnownFileType = image.png; path = "back_btn@2x.png"; sourceTree = "<group>"; };
		9C9519FE1770899800F70377 /* back_btn.png */ = {isa = PBXFileReference; lastKnownFileType = image.png; path = back_btn.png; sourceTree = "<group>"; };
		9C951A0017708C7500F70377 /* buy_later_btn.png */ = {isa = PBXFileReference; lastKnownFileType = image.png; path = buy_later_btn.png; sourceTree = "<group>"; };
		9C951A0217708C8100F70377 /* buy_later_btn@2x.png */ = {isa = PBXFileReference; lastKnownFileType = image.png; path = "buy_later_btn@2x.png"; sourceTree = "<group>"; };
		9C951A0417708E3E00F70377 /* save_btn@2x.png */ = {isa = PBXFileReference; lastKnownFileType = image.png; path = "save_btn@2x.png"; sourceTree = "<group>"; };
		9C951A0617708E4B00F70377 /* save_btn.png */ = {isa = PBXFileReference; lastKnownFileType = image.png; path = save_btn.png; sourceTree = "<group>"; };
		9C951A081770903C00F70377 /* logo.png */ = {isa = PBXFileReference; lastKnownFileType = image.png; path = logo.png; sourceTree = "<group>"; };
		9C951A0A1770904C00F70377 /* logo@2x.png */ = {isa = PBXFileReference; lastKnownFileType = image.png; path = "logo@2x.png"; sourceTree = "<group>"; };
		9C951A0C1770983500F70377 /* Default-568h@2x.png */ = {isa = PBXFileReference; lastKnownFileType = image.png; path = "Default-568h@2x.png"; sourceTree = "<group>"; };
		9C951A1017709A3900F70377 /* Default@2x.png */ = {isa = PBXFileReference; lastKnownFileType = image.png; path = "Default@2x.png"; sourceTree = "<group>"; };
		9C951A1617709B7F00F70377 /* Icon.png */ = {isa = PBXFileReference; lastKnownFileType = image.png; name = Icon.png; path = ../Icon.png; sourceTree = "<group>"; };
		9C951A1817709B8200F70377 /* Icon@2x.png */ = {isa = PBXFileReference; lastKnownFileType = image.png; name = "Icon@2x.png"; path = "../Icon@2x.png"; sourceTree = "<group>"; };
		9C951A1A1770B19B00F70377 /* welcome@2x.png */ = {isa = PBXFileReference; lastKnownFileType = image.png; path = "welcome@2x.png"; sourceTree = "<group>"; };
		9C951A1C1770B1CD00F70377 /* welcome.png */ = {isa = PBXFileReference; lastKnownFileType = image.png; path = welcome.png; sourceTree = "<group>"; };
		9C951A1E1770C2C400F70377 /* list_icon@2x.png */ = {isa = PBXFileReference; lastKnownFileType = image.png; path = "list_icon@2x.png"; sourceTree = "<group>"; };
		9C951A201770C2D800F70377 /* list_icon.png */ = {isa = PBXFileReference; lastKnownFileType = image.png; path = list_icon.png; sourceTree = "<group>"; };
		9CA5D7441762AB5C0009098E /* toysrus_logo.png */ = {isa = PBXFileReference; lastKnownFileType = image.png; path = toysrus_logo.png; sourceTree = "<group>"; };
		9CA5D7461762AB970009098E /* toysrus_logo@2x.png */ = {isa = PBXFileReference; lastKnownFileType = image.png; path = "toysrus_logo@2x.png"; sourceTree = "<group>"; };
		9CA5D7541763BFFF0009098E /* WebViewController.h */ = {isa = PBXFileReference; fileEncoding = 4; lastKnownFileType = sourcecode.c.h; path = WebViewController.h; sourceTree = "<group>"; };
		9CA5D7551763BFFF0009098E /* WebViewController.m */ = {isa = PBXFileReference; fileEncoding = 4; lastKnownFileType = sourcecode.c.objc; path = WebViewController.m; sourceTree = "<group>"; };
		9CA5D76A1763E34C0009098E /* NewProductViewController.h */ = {isa = PBXFileReference; fileEncoding = 4; lastKnownFileType = sourcecode.c.h; path = NewProductViewController.h; sourceTree = "<group>"; };
		9CA5D76B1763E34C0009098E /* NewProductViewController.m */ = {isa = PBXFileReference; fileEncoding = 4; lastKnownFileType = sourcecode.c.objc; path = NewProductViewController.m; sourceTree = "<group>"; };
		9CA5D7781764C9D80009098E /* Image+SLExtensions.h */ = {isa = PBXFileReference; fileEncoding = 4; lastKnownFileType = sourcecode.c.h; path = "Image+SLExtensions.h"; sourceTree = "<group>"; };
		9CA5D7791764C9D80009098E /* Image+SLExtensions.m */ = {isa = PBXFileReference; fileEncoding = 4; lastKnownFileType = sourcecode.c.objc; path = "Image+SLExtensions.m"; sourceTree = "<group>"; };
		9CA5D77C1764CEA80009098E /* ToysrusParser.h */ = {isa = PBXFileReference; fileEncoding = 4; lastKnownFileType = sourcecode.c.h; path = ToysrusParser.h; sourceTree = "<group>"; };
		9CA5D77D1764CEA80009098E /* ToysrusParser.m */ = {isa = PBXFileReference; fileEncoding = 4; lastKnownFileType = sourcecode.c.objc; path = ToysrusParser.m; sourceTree = "<group>"; };
		9CA5D77F1766253A0009098E /* Constants.h */ = {isa = PBXFileReference; fileEncoding = 4; lastKnownFileType = sourcecode.c.h; path = Constants.h; sourceTree = "<group>"; };
		9CB940601766449000DC05D2 /* Provider+SLExtensions.h */ = {isa = PBXFileReference; fileEncoding = 4; lastKnownFileType = sourcecode.c.h; path = "Provider+SLExtensions.h"; sourceTree = "<group>"; };
		9CB940611766449000DC05D2 /* Provider+SLExtensions.m */ = {isa = PBXFileReference; fileEncoding = 4; lastKnownFileType = sourcecode.c.objc; path = "Provider+SLExtensions.m"; sourceTree = "<group>"; };
		9CB9406317665AC300DC05D2 /* Parser.h */ = {isa = PBXFileReference; fileEncoding = 4; lastKnownFileType = sourcecode.c.h; path = Parser.h; sourceTree = "<group>"; };
		9CB9406417665AC300DC05D2 /* Parser.m */ = {isa = PBXFileReference; fileEncoding = 4; lastKnownFileType = sourcecode.c.objc; path = Parser.m; sourceTree = "<group>"; };
		9CB9406617665D2000DC05D2 /* ParserDelegate.h */ = {isa = PBXFileReference; fileEncoding = 4; lastKnownFileType = sourcecode.c.h; path = ParserDelegate.h; sourceTree = "<group>"; };
/* End PBXFileReference section */

/* Begin PBXFrameworksBuildPhase section */
		9C927B6E1762780100570F45 /* Frameworks */ = {
			isa = PBXFrameworksBuildPhase;
			buildActionMask = 2147483647;
			files = (
				9C195DC417679B4E00183192 /* QuartzCore.framework in Frameworks */,
				9C927B771762780100570F45 /* Foundation.framework in Frameworks */,
				9C927B9D17627A6200570F45 /* CoreData.framework in Frameworks */,
				9C927B751762780100570F45 /* UIKit.framework in Frameworks */,
				9C927B791762780100570F45 /* CoreGraphics.framework in Frameworks */,
			);
			runOnlyForDeploymentPostprocessing = 0;
		};
/* End PBXFrameworksBuildPhase section */

/* Begin PBXGroup section */
		9C22640F176BCCC600C3FDD9 /* ECSlidingViewController */ = {
			isa = PBXGroup;
			children = (
				9C226410176BCCC600C3FDD9 /* ECSlidingViewController.h */,
				9C226411176BCCC600C3FDD9 /* ECSlidingViewController.m */,
				9C226412176BCCC600C3FDD9 /* UIImage+ImageWithUIView.h */,
				9C226413176BCCC600C3FDD9 /* UIImage+ImageWithUIView.m */,
			);
			path = ECSlidingViewController;
			sourceTree = "<group>";
		};
		9C927B681762780100570F45 = {
			isa = PBXGroup;
			children = (
				9C927B7A1762780100570F45 /* ShopLater */,
				9C927B731762780100570F45 /* Frameworks */,
				9C927B721762780100570F45 /* Products */,
			);
			sourceTree = "<group>";
		};
		9C927B721762780100570F45 /* Products */ = {
			isa = PBXGroup;
			children = (
				9C927B711762780100570F45 /* ShopLater.app */,
			);
			name = Products;
			sourceTree = "<group>";
		};
		9C927B731762780100570F45 /* Frameworks */ = {
			isa = PBXGroup;
			children = (
				9C195DC317679B4D00183192 /* QuartzCore.framework */,
				9C927B9C17627A6200570F45 /* CoreData.framework */,
				9C927B741762780100570F45 /* UIKit.framework */,
				9C927B761762780100570F45 /* Foundation.framework */,
				9C927B781762780100570F45 /* CoreGraphics.framework */,
			);
			name = Frameworks;
			sourceTree = "<group>";
		};
		9C927B7A1762780100570F45 /* ShopLater */ = {
			isa = PBXGroup;
			children = (
				9C927B831762780100570F45 /* AppDelegate.h */,
				9C927B841762780100570F45 /* AppDelegate.m */,
				9C927B8C1762780100570F45 /* MainStoryboard.storyboard */,
				9CA5D77F1766253A0009098E /* Constants.h */,
				9C927BA217627D0200570F45 /* ViewControllers */,
				9CA5D74B1762B9520009098E /* Views */,
				9C927BA117627CF500570F45 /* Models */,
				9CA5D77B1764CE340009098E /* Parsers */,
				9CA5D74C1762B9980009098E /* Delegates */,
				9CA5D7571763C9520009098E /* Libraries */,
				9C9519D6176F98E600F70377 /* Images */,
				9C927B7B1762780100570F45 /* Supporting Files */,
			);
			path = ShopLater;
			sourceTree = "<group>";
		};
		9C927B7B1762780100570F45 /* Supporting Files */ = {
			isa = PBXGroup;
			children = (
				9C951A1817709B8200F70377 /* Icon@2x.png */,
				9C951A1617709B7F00F70377 /* Icon.png */,
				9C951A1017709A3900F70377 /* Default@2x.png */,
				9C9519E3176FB0F400F70377 /* Default.png */,
				9C951A0C1770983500F70377 /* Default-568h@2x.png */,
				9C927B7C1762780100570F45 /* ShopLater-Info.plist */,
				9C927B7D1762780100570F45 /* InfoPlist.strings */,
				9C927B801762780100570F45 /* main.m */,
				9C927B821762780100570F45 /* ShopLater-Prefix.pch */,
			);
			name = "Supporting Files";
			sourceTree = "<group>";
		};
		9C927BA117627CF500570F45 /* Models */ = {
			isa = PBXGroup;
			children = (
				9C927B9E17627A9A00570F45 /* ShopLater.xcdatamodeld */,
				9C927B97176278B800570F45 /* CoreDataManager.h */,
				9C927B98176278B800570F45 /* CoreDataManager.m */,
				3447CEC1176B774800BF0490 /* Product.h */,
				3447CEC2176B774800BF0490 /* Product.m */,
				9C226426176C83F100C3FDD9 /* Provider.h */,
				9C226427176C83F100C3FDD9 /* Provider.m */,
				3447CEBE176B774800BF0490 /* Price.h */,
				3447CEBF176B774800BF0490 /* Price.m */,
				3447CEB8176B774700BF0490 /* Identifier.h */,
				3447CEB9176B774700BF0490 /* Identifier.m */,
				3447CEC4176B774900BF0490 /* Image.h */,
				3447CEC5176B774900BF0490 /* Image.m */,
				9CA5D7781764C9D80009098E /* Image+SLExtensions.h */,
				9CA5D7791764C9D80009098E /* Image+SLExtensions.m */,
				9CB940601766449000DC05D2 /* Provider+SLExtensions.h */,
				9CB940611766449000DC05D2 /* Provider+SLExtensions.m */,
				9C195DB61767588B00183192 /* Price+SLExtensions.h */,
				9C195DB71767588B00183192 /* Price+SLExtensions.m */,
				9C195DD51767AE2400183192 /* Product+SLExtensions.h */,
				9C195DD61767AE2500183192 /* Product+SLExtensions.m */,
				346DE78B176B794200090C0E /* Identifier+SLExtensions.h */,
				346DE78C176B794200090C0E /* Identifier+SLExtensions.m */,
				34C4E09C176BB7FF00D1EFD5 /* NSString+SLExtensions.h */,
				34C4E09D176BB7FF00D1EFD5 /* NSString+SLExtensions.m */,
			);
			name = Models;
			sourceTree = "<group>";
		};
		9C927BA217627D0200570F45 /* ViewControllers */ = {
			isa = PBXGroup;
			children = (
				9C22641C176BD12600C3FDD9 /* MainViewController.h */,
				9C22641D176BD12600C3FDD9 /* MainViewController.m */,
				9C22641F176BD2AE00C3FDD9 /* MenuViewController.h */,
				9C226420176BD2AE00C3FDD9 /* MenuViewController.m */,
				9C9519DB176F9A1300F70377 /* ShoppingListViewController.h */,
				9C9519DC176F9A1300F70377 /* ShoppingListViewController.m */,
				9CA5D7541763BFFF0009098E /* WebViewController.h */,
				9CA5D7551763BFFF0009098E /* WebViewController.m */,
				9CA5D76A1763E34C0009098E /* NewProductViewController.h */,
				9CA5D76B1763E34C0009098E /* NewProductViewController.m */,
			);
			name = ViewControllers;
			sourceTree = "<group>";
		};
		9C9519D6176F98E600F70377 /* Images */ = {
			isa = PBXGroup;
			children = (
				9C951A201770C2D800F70377 /* list_icon.png */,
				9C951A1E1770C2C400F70377 /* list_icon@2x.png */,
				9C951A1C1770B1CD00F70377 /* welcome.png */,
				9C951A1A1770B19B00F70377 /* welcome@2x.png */,
				9C951A0A1770904C00F70377 /* logo@2x.png */,
				9C951A081770903C00F70377 /* logo.png */,
				9C951A0617708E4B00F70377 /* save_btn.png */,
				9C951A0417708E3E00F70377 /* save_btn@2x.png */,
				9C951A0217708C8100F70377 /* buy_later_btn@2x.png */,
				9C951A0017708C7500F70377 /* buy_later_btn.png */,
				9C9519FE1770899800F70377 /* back_btn.png */,
				9C9519FC1770898A00F70377 /* back_btn@2x.png */,
				9C9519F717707A3000F70377 /* menu_btn@2x.png */,
				9C9519F517707A2400F70377 /* menu_btn.png */,
				9C9519F31770793300F70377 /* nav_bar.png */,
				9C9519F11770791800F70377 /* nav_bar@2x.png */,
				9C9519EA1770775D00F70377 /* price_match.png */,
				9C9519E91770775D00F70377 /* price_match@2x.png */,
				9C9519D8176F990E00F70377 /* delete_btn.png */,
				9C9519EF177078C900F70377 /* delete_btn@2x.png */,
				9C226422176BD37B00C3FDD9 /* reveal-icon.png */,
				9C226423176BD37B00C3FDD9 /* reveal-icon@2x.png */,
				9CA5D7431762A9840009098E /* ProviderLogos */,
			);
			name = Images;
			sourceTree = "<group>";
		};
		9CA5D7431762A9840009098E /* ProviderLogos */ = {
			isa = PBXGroup;
			children = (
				34449EEE176FC5DA000873DC /* sears_logo.png */,
				34449EEF176FC5DA000873DC /* sears_logo@2x.png */,
				34BE7CC1176F7B950005FB14 /* nordstrom_logo.png */,
				34BE7CC2176F7B950005FB14 /* nordstrom_logo@2x.png */,
				34BE7CBA176F5BCA0005FB14 /* buybuybaby_logo.png */,
				34BE7CBB176F5BCA0005FB14 /* buybuybaby_logo@2x.png */,
				3401B4B1176CEFFD00DAD80D /* dupontregistry_logo.png */,
				3401B4B2176CEFFD00DAD80D /* dupontregistry_logo@2x.png */,
				3401B4AA176CEA6000DAD80D /* lululemon_logo.png */,
				3401B4A3176CDB0500DAD80D /* bedbathbeyond_logo.png */,
				3401B4A4176CDB0500DAD80D /* bedbathbeyond_logo@2x.png */,
				9C226429176CF0A300C3FDD9 /* macys_logo.png */,
				9C22642B176CF0F600C3FDD9 /* macys_logo@2x.png */,
				346DE7A5176BA21600090C0E /* bestbuy_logo.png */,
				346DE7A6176BA21600090C0E /* bestbuy_logo@2x.png */,
				346DE797176B822300090C0E /* homedepot_logo.png */,
				346DE798176B822300090C0E /* homedepot_log@2x.png */,
				9CA5D7441762AB5C0009098E /* toysrus_logo.png */,
				9CA5D7461762AB970009098E /* toysrus_logo@2x.png */,
			);
			name = ProviderLogos;
			path = ..;
			sourceTree = "<group>";
		};
		9CA5D74B1762B9520009098E /* Views */ = {
			isa = PBXGroup;
			children = (
				9C195DB31767510500183192 /* ProductTableViewCell.h */,
				9C195DB41767510500183192 /* ProductTableViewCell.m */,
				9C9519DE176F9AE800F70377 /* ProductCollectionViewCell.h */,
				9C9519DF176F9AE800F70377 /* ProductCollectionViewCell.m */,
				9C9519F91770876400F70377 /* ButtonFactory.h */,
				9C9519FA1770876400F70377 /* ButtonFactory.m */,
			);
			name = Views;
			sourceTree = "<group>";
		};
		9CA5D74C1762B9980009098E /* Delegates */ = {
			isa = PBXGroup;
			children = (
				9CB9406617665D2000DC05D2 /* ParserDelegate.h */,
				9C226448176F41CE00C3FDD9 /* ProductDelegate.h */,
			);
			name = Delegates;
			sourceTree = "<group>";
		};
		9CA5D7571763C9520009098E /* Libraries */ = {
			isa = PBXGroup;
			children = (
				9C22640F176BCCC600C3FDD9 /* ECSlidingViewController */,
			);
			name = Libraries;
			sourceTree = "<group>";
		};
		9CA5D77B1764CE340009098E /* Parsers */ = {
			isa = PBXGroup;
			children = (
				9CB9406317665AC300DC05D2 /* Parser.h */,
				9CB9406417665AC300DC05D2 /* Parser.m */,
				9CA5D77C1764CEA80009098E /* ToysrusParser.h */,
				9CA5D77D1764CEA80009098E /* ToysrusParser.m */,
				346DE794176B7F8800090C0E /* HomedepotParser.h */,
				346DE795176B7F8800090C0E /* HomedepotParser.m */,
				346DE79B176B8DEA00090C0E /* BestbuyParser.h */,
				346DE79C176B8DEA00090C0E /* BestbuyParser.m */,
				346DE7A2176B97C500090C0E /* MacysParser.h */,
				346DE7A3176B97C500090C0E /* MacysParser.m */,
				3401B4A0176CD83B00DAD80D /* BedbathbeyondParser.h */,
				3401B4A1176CD83B00DAD80D /* BedbathbeyondParser.m */,
				3401B4A7176CE34000DAD80D /* LululemonParser.h */,
				3401B4A8176CE34000DAD80D /* LululemonParser.m */,
				3401B4AE176CEE0000DAD80D /* DupontregistryParser.h */,
				3401B4AF176CEE0000DAD80D /* DupontregistryParser.m */,
				34BE7CB7176F58490005FB14 /* BuybuybabyParser.h */,
				34BE7CB8176F58490005FB14 /* BuybuybabyParser.m */,
				34BE7CBE176F77330005FB14 /* NordstromParser.h */,
				34BE7CBF176F77330005FB14 /* NordstromParser.m */,
				34449EE3176FC2F9000873DC /* SearsParser.h */,
				34449EE4176FC2F9000873DC /* SearsParser.m */,
			);
			name = Parsers;
			sourceTree = "<group>";
		};
/* End PBXGroup section */

/* Begin PBXNativeTarget section */
		9C927B701762780100570F45 /* ShopLater */ = {
			isa = PBXNativeTarget;
			buildConfigurationList = 9C927B941762780100570F45 /* Build configuration list for PBXNativeTarget "ShopLater" */;
			buildPhases = (
				9C927B6D1762780100570F45 /* Sources */,
				9C927B6E1762780100570F45 /* Frameworks */,
				9C927B6F1762780100570F45 /* Resources */,
			);
			buildRules = (
			);
			dependencies = (
			);
			name = ShopLater;
			productName = ShopLater;
			productReference = 9C927B711762780100570F45 /* ShopLater.app */;
			productType = "com.apple.product-type.application";
		};
/* End PBXNativeTarget section */

/* Begin PBXProject section */
		9C927B691762780100570F45 /* Project object */ = {
			isa = PBXProject;
			attributes = {
				LastUpgradeCheck = 0460;
				ORGANIZATIONNAME = "Natasha Murashev";
			};
			buildConfigurationList = 9C927B6C1762780100570F45 /* Build configuration list for PBXProject "ShopLater" */;
			compatibilityVersion = "Xcode 3.2";
			developmentRegion = English;
			hasScannedForEncodings = 0;
			knownRegions = (
				en,
			);
			mainGroup = 9C927B681762780100570F45;
			productRefGroup = 9C927B721762780100570F45 /* Products */;
			projectDirPath = "";
			projectRoot = "";
			targets = (
				9C927B701762780100570F45 /* ShopLater */,
			);
		};
/* End PBXProject section */

/* Begin PBXResourcesBuildPhase section */
		9C927B6F1762780100570F45 /* Resources */ = {
			isa = PBXResourcesBuildPhase;
			buildActionMask = 2147483647;
			files = (
				9C927B7F1762780100570F45 /* InfoPlist.strings in Resources */,
				9C927B8E1762780100570F45 /* MainStoryboard.storyboard in Resources */,
				9CA5D7451762AB5C0009098E /* toysrus_logo.png in Resources */,
				9CA5D7471762AB970009098E /* toysrus_logo@2x.png in Resources */,
				346DE799176B822300090C0E /* homedepot_logo.png in Resources */,
				346DE79A176B822300090C0E /* homedepot_log@2x.png in Resources */,
				346DE7A7176BA21600090C0E /* bestbuy_logo.png in Resources */,
				346DE7A8176BA21600090C0E /* bestbuy_logo@2x.png in Resources */,
				9C226424176BD37B00C3FDD9 /* reveal-icon.png in Resources */,
				9C226425176BD37B00C3FDD9 /* reveal-icon@2x.png in Resources */,
				3401B4A5176CDB0500DAD80D /* bedbathbeyond_logo.png in Resources */,
				3401B4A6176CDB0500DAD80D /* bedbathbeyond_logo@2x.png in Resources */,
				3401B4AC176CEA6000DAD80D /* lululemon_logo.png in Resources */,
				9C22642A176CF0A300C3FDD9 /* macys_logo.png in Resources */,
				9C22642C176CF0F600C3FDD9 /* macys_logo@2x.png in Resources */,
				3401B4B3176CEFFD00DAD80D /* dupontregistry_logo.png in Resources */,
				3401B4B4176CEFFD00DAD80D /* dupontregistry_logo@2x.png in Resources */,
				34BE7CBC176F5BCA0005FB14 /* buybuybaby_logo.png in Resources */,
				34BE7CBD176F5BCA0005FB14 /* buybuybaby_logo@2x.png in Resources */,
				34BE7CC3176F7B950005FB14 /* nordstrom_logo.png in Resources */,
				34BE7CC4176F7B950005FB14 /* nordstrom_logo@2x.png in Resources */,
				9C9519DA176F990E00F70377 /* delete_btn.png in Resources */,
				9C9519E4176FB0F400F70377 /* Default.png in Resources */,
				34449EF0176FC5DA000873DC /* sears_logo.png in Resources */,
				34449EF1176FC5DA000873DC /* sears_logo@2x.png in Resources */,
				9C9519EB1770775D00F70377 /* price_match@2x.png in Resources */,
				9C9519EC1770775D00F70377 /* price_match.png in Resources */,
				9C9519F0177078C900F70377 /* delete_btn@2x.png in Resources */,
				9C9519F21770791900F70377 /* nav_bar@2x.png in Resources */,
				9C9519F41770793300F70377 /* nav_bar.png in Resources */,
				9C9519F617707A2400F70377 /* menu_btn.png in Resources */,
				9C9519F817707A3000F70377 /* menu_btn@2x.png in Resources */,
				9C9519FD1770898A00F70377 /* back_btn@2x.png in Resources */,
				9C9519FF1770899800F70377 /* back_btn.png in Resources */,
				9C951A0117708C7500F70377 /* buy_later_btn.png in Resources */,
				9C951A0317708C8200F70377 /* buy_later_btn@2x.png in Resources */,
				9C951A0517708E3E00F70377 /* save_btn@2x.png in Resources */,
				9C951A0717708E4B00F70377 /* save_btn.png in Resources */,
				9C951A091770903D00F70377 /* logo.png in Resources */,
				9C951A0B1770904D00F70377 /* logo@2x.png in Resources */,
				9C951A0D1770983500F70377 /* Default-568h@2x.png in Resources */,
				9C951A1117709A3A00F70377 /* Default@2x.png in Resources */,
				9C951A1717709B7F00F70377 /* Icon.png in Resources */,
				9C951A1917709B8400F70377 /* Icon@2x.png in Resources */,
				9C951A1B1770B19B00F70377 /* welcome@2x.png in Resources */,
				9C951A1D1770B1CD00F70377 /* welcome.png in Resources */,
				9C951A1F1770C2C400F70377 /* list_icon@2x.png in Resources */,
				9C951A211770C2D800F70377 /* list_icon.png in Resources */,
			);
			runOnlyForDeploymentPostprocessing = 0;
		};
/* End PBXResourcesBuildPhase section */

/* Begin PBXSourcesBuildPhase section */
		9C927B6D1762780100570F45 /* Sources */ = {
			isa = PBXSourcesBuildPhase;
			buildActionMask = 2147483647;
			files = (
				9C927B811762780100570F45 /* main.m in Sources */,
				9C927B851762780100570F45 /* AppDelegate.m in Sources */,
				9C927B99176278B800570F45 /* CoreDataManager.m in Sources */,
				9C927BA017627A9A00570F45 /* ShopLater.xcdatamodeld in Sources */,
				9CA5D7561763BFFF0009098E /* WebViewController.m in Sources */,
				9CA5D76C1763E34D0009098E /* NewProductViewController.m in Sources */,
				9CA5D77A1764C9D80009098E /* Image+SLExtensions.m in Sources */,
				9CA5D77E1764CEA80009098E /* ToysrusParser.m in Sources */,
				9CB940621766449000DC05D2 /* Provider+SLExtensions.m in Sources */,
				9CB9406517665AC300DC05D2 /* Parser.m in Sources */,
				9C195DB51767510500183192 /* ProductTableViewCell.m in Sources */,
				9C195DB81767588B00183192 /* Price+SLExtensions.m in Sources */,
				9C195DD71767AE2500183192 /* Product+SLExtensions.m in Sources */,
				3447CEBA176B774700BF0490 /* Identifier.m in Sources */,
				3447CEC0176B774800BF0490 /* Price.m in Sources */,
				3447CEC3176B774900BF0490 /* Product.m in Sources */,
				3447CEC6176B774900BF0490 /* Image.m in Sources */,
				346DE78D176B794200090C0E /* Identifier+SLExtensions.m in Sources */,
				346DE796176B7F8800090C0E /* HomedepotParser.m in Sources */,
				346DE79D176B8DEA00090C0E /* BestbuyParser.m in Sources */,
				346DE7A4176B97C500090C0E /* MacysParser.m in Sources */,
				34C4E09E176BB7FF00D1EFD5 /* NSString+SLExtensions.m in Sources */,
				9C226414176BCCC600C3FDD9 /* ECSlidingViewController.m in Sources */,
				9C226415176BCCC600C3FDD9 /* UIImage+ImageWithUIView.m in Sources */,
				9C22641E176BD12600C3FDD9 /* MainViewController.m in Sources */,
				9C226421176BD2AF00C3FDD9 /* MenuViewController.m in Sources */,
				9C226428176C83F100C3FDD9 /* Provider.m in Sources */,
				3401B4A2176CD83B00DAD80D /* BedbathbeyondParser.m in Sources */,
				3401B4A9176CE34000DAD80D /* LululemonParser.m in Sources */,
				3401B4B0176CEE0100DAD80D /* DupontregistryParser.m in Sources */,
				34BE7CB9176F58490005FB14 /* BuybuybabyParser.m in Sources */,
				34BE7CC0176F77330005FB14 /* NordstromParser.m in Sources */,
				9C9519DD176F9A1300F70377 /* ShoppingListViewController.m in Sources */,
				9C9519E0176F9AE800F70377 /* ProductCollectionViewCell.m in Sources */,
				34449EE5176FC2F9000873DC /* SearsParser.m in Sources */,
				9C9519FB1770876400F70377 /* ButtonFactory.m in Sources */,
			);
			runOnlyForDeploymentPostprocessing = 0;
		};
/* End PBXSourcesBuildPhase section */

/* Begin PBXVariantGroup section */
		9C927B7D1762780100570F45 /* InfoPlist.strings */ = {
			isa = PBXVariantGroup;
			children = (
				9C927B7E1762780100570F45 /* en */,
			);
			name = InfoPlist.strings;
			sourceTree = "<group>";
		};
		9C927B8C1762780100570F45 /* MainStoryboard.storyboard */ = {
			isa = PBXVariantGroup;
			children = (
				9C927B8D1762780100570F45 /* en */,
			);
			name = MainStoryboard.storyboard;
			sourceTree = "<group>";
		};
/* End PBXVariantGroup section */

/* Begin XCBuildConfiguration section */
		9C927B921762780100570F45 /* Debug */ = {
			isa = XCBuildConfiguration;
			buildSettings = {
				ALWAYS_SEARCH_USER_PATHS = NO;
				CLANG_CXX_LANGUAGE_STANDARD = "gnu++0x";
				CLANG_CXX_LIBRARY = "libc++";
				CLANG_ENABLE_OBJC_ARC = YES;
				CLANG_WARN_CONSTANT_CONVERSION = YES;
				CLANG_WARN_EMPTY_BODY = YES;
				CLANG_WARN_ENUM_CONVERSION = YES;
				CLANG_WARN_INT_CONVERSION = YES;
				CLANG_WARN__DUPLICATE_METHOD_MATCH = YES;
				"CODE_SIGN_IDENTITY[sdk=iphoneos*]" = "iPhone Developer";
				COPY_PHASE_STRIP = NO;
				GCC_C_LANGUAGE_STANDARD = gnu99;
				GCC_DYNAMIC_NO_PIC = NO;
				GCC_OPTIMIZATION_LEVEL = 0;
				GCC_PREPROCESSOR_DEFINITIONS = (
					"DEBUG=1",
					"$(inherited)",
				);
				GCC_SYMBOLS_PRIVATE_EXTERN = NO;
				GCC_WARN_ABOUT_RETURN_TYPE = YES;
				GCC_WARN_UNINITIALIZED_AUTOS = YES;
				GCC_WARN_UNUSED_VARIABLE = YES;
				IPHONEOS_DEPLOYMENT_TARGET = 6.1;
				ONLY_ACTIVE_ARCH = YES;
				SDKROOT = iphoneos;
			};
			name = Debug;
		};
		9C927B931762780100570F45 /* Release */ = {
			isa = XCBuildConfiguration;
			buildSettings = {
				ALWAYS_SEARCH_USER_PATHS = NO;
				CLANG_CXX_LANGUAGE_STANDARD = "gnu++0x";
				CLANG_CXX_LIBRARY = "libc++";
				CLANG_ENABLE_OBJC_ARC = YES;
				CLANG_WARN_CONSTANT_CONVERSION = YES;
				CLANG_WARN_EMPTY_BODY = YES;
				CLANG_WARN_ENUM_CONVERSION = YES;
				CLANG_WARN_INT_CONVERSION = YES;
				CLANG_WARN__DUPLICATE_METHOD_MATCH = YES;
				"CODE_SIGN_IDENTITY[sdk=iphoneos*]" = "iPhone Developer";
				COPY_PHASE_STRIP = YES;
				GCC_C_LANGUAGE_STANDARD = gnu99;
				GCC_WARN_ABOUT_RETURN_TYPE = YES;
				GCC_WARN_UNINITIALIZED_AUTOS = YES;
				GCC_WARN_UNUSED_VARIABLE = YES;
				IPHONEOS_DEPLOYMENT_TARGET = 6.1;
				OTHER_CFLAGS = "-DNS_BLOCK_ASSERTIONS=1";
				SDKROOT = iphoneos;
				VALIDATE_PRODUCT = YES;
			};
			name = Release;
		};
		9C927B951762780100570F45 /* Debug */ = {
			isa = XCBuildConfiguration;
			buildSettings = {
				CODE_SIGN_IDENTITY = "iPhone Developer: Natalya Murashev (M85RRWYM3S)";
				"CODE_SIGN_IDENTITY[sdk=iphoneos*]" = "iPhone Developer: Natalya Murashev (M85RRWYM3S)";
				GCC_PRECOMPILE_PREFIX_HEADER = YES;
				GCC_PREFIX_HEADER = "ShopLater/ShopLater-Prefix.pch";
				GCC_PREPROCESSOR_DEFINITIONS = (
					"DEBUG=1",
					"$(inherited)",
				);
				GCC_WARN_UNUSED_VARIABLE = NO;
				HEADER_SEARCH_PATHS = "$(SDKROOT)/usr/include/libxml2";
				INFOPLIST_FILE = "ShopLater/ShopLater-Info.plist";
				PRODUCT_NAME = "$(TARGET_NAME)";
				PROVISIONING_PROFILE = "4555A98B-309D-4416-9BDB-AE9F9067FA36";
				"PROVISIONING_PROFILE[sdk=iphoneos*]" = "4555A98B-309D-4416-9BDB-AE9F9067FA36";
				WRAPPER_EXTENSION = app;
			};
			name = Debug;
		};
		9C927B961762780100570F45 /* Release */ = {
			isa = XCBuildConfiguration;
			buildSettings = {
				CODE_SIGN_IDENTITY = "iPhone Developer: Natalya Murashev (M85RRWYM3S)";
				"CODE_SIGN_IDENTITY[sdk=iphoneos*]" = "iPhone Developer: Natalya Murashev (M85RRWYM3S)";
				GCC_PRECOMPILE_PREFIX_HEADER = YES;
				GCC_PREFIX_HEADER = "ShopLater/ShopLater-Prefix.pch";
				GCC_PREPROCESSOR_DEFINITIONS = "";
				GCC_WARN_UNUSED_VARIABLE = NO;
				HEADER_SEARCH_PATHS = "$(SDKROOT)/usr/include/libxml2";
				INFOPLIST_FILE = "ShopLater/ShopLater-Info.plist";
				PRODUCT_NAME = "$(TARGET_NAME)";
				PROVISIONING_PROFILE = "4555A98B-309D-4416-9BDB-AE9F9067FA36";
				"PROVISIONING_PROFILE[sdk=iphoneos*]" = "4555A98B-309D-4416-9BDB-AE9F9067FA36";
				WRAPPER_EXTENSION = app;
			};
			name = Release;
		};
/* End XCBuildConfiguration section */

/* Begin XCConfigurationList section */
		9C927B6C1762780100570F45 /* Build configuration list for PBXProject "ShopLater" */ = {
			isa = XCConfigurationList;
			buildConfigurations = (
				9C927B921762780100570F45 /* Debug */,
				9C927B931762780100570F45 /* Release */,
			);
			defaultConfigurationIsVisible = 0;
			defaultConfigurationName = Release;
		};
		9C927B941762780100570F45 /* Build configuration list for PBXNativeTarget "ShopLater" */ = {
			isa = XCConfigurationList;
			buildConfigurations = (
				9C927B951762780100570F45 /* Debug */,
				9C927B961762780100570F45 /* Release */,
			);
			defaultConfigurationIsVisible = 0;
			defaultConfigurationName = Release;
		};
/* End XCConfigurationList section */

/* Begin XCVersionGroup section */
		9C927B9E17627A9A00570F45 /* ShopLater.xcdatamodeld */ = {
			isa = XCVersionGroup;
			children = (
				9C927B9F17627A9A00570F45 /* ShopLater.xcdatamodel */,
			);
			currentVersion = 9C927B9F17627A9A00570F45 /* ShopLater.xcdatamodel */;
			path = ShopLater.xcdatamodeld;
			sourceTree = "<group>";
			versionGroupType = wrapper.xcdatamodel;
		};
/* End XCVersionGroup section */
	};
	rootObject = 9C927B691762780100570F45 /* Project object */;
}
